
Microsoft Visual Studio Solution File, Format Version 12.00
# Visual Studio Version 17
VisualStudioVersion = 17.11.35208.52
MinimumVisualStudioVersion = 10.0.40219.1
Project("{FAE04EC0-301F-11D3-BF4B-00C04F79EFBC}") = "SQSQueue", "SQSQueue\SQSQueue.csproj", "{01DB86FB-85DC-41BC-B7A9-39A59C22ADEE}"
EndProject
Project("{FAE04EC0-301F-11D3-BF4B-00C04F79EFBC}") = "SQSConsumer", "SQSConsumer\SQSConsumer.csproj", "{0A6B190F-5481-401A-A3E3-4318E1210575}"
EndProject
Global
	GlobalSection(SolutionConfigurationPlatforms) = preSolution
		Debug|Any CPU = Debug|Any CPU
		Release|Any CPU = Release|Any CPU
	EndGlobalSection
	GlobalSection(ProjectConfigurationPlatforms) = postSolution
		{01DB86FB-85DC-41BC-B7A9-39A59C22ADEE}.Debug|Any CPU.ActiveCfg = Debug|Any CPU
		{01DB86FB-85DC-41BC-B7A9-39A59C22ADEE}.Debug|Any CPU.Build.0 = Debug|Any CPU
		{01DB86FB-85DC-41BC-B7A9-39A59C22ADEE}.Release|Any CPU.ActiveCfg = Release|Any CPU
		{01DB86FB-85DC-41BC-B7A9-39A59C22ADEE}.Release|Any CPU.Build.0 = Release|Any CPU
		{0A6B190F-5481-401A-A3E3-4318E1210575}.Debug|Any CPU.ActiveCfg = Debug|Any CPU
		{0A6B190F-5481-401A-A3E3-4318E1210575}.Debug|Any CPU.Build.0 = Debug|Any CPU
		{0A6B190F-5481-401A-A3E3-4318E1210575}.Release|Any CPU.ActiveCfg = Release|Any CPU
		{0A6B190F-5481-401A-A3E3-4318E1210575}.Release|Any CPU.Build.0 = Release|Any CPU
	EndGlobalSection
	GlobalSection(SolutionProperties) = preSolution
		HideSolutionNode = FALSE
	EndGlobalSection
	GlobalSection(ExtensibilityGlobals) = postSolution
		SolutionGuid = {B9904893-42B6-4FF0-B3E4-00469728E914}
	EndGlobalSection
EndGlobal
